
Microsoft Visual Studio Solution File, Format Version 12.00
# Visual Studio Version 16
VisualStudioVersion = 16.0.29503.13
MinimumVisualStudioVersion = 10.0.40219.1
Project("{FAE04EC0-301F-11D3-BF4B-00C04F79EFBC}") = "Mixer.Core", "Mixer.Core\Mixer.Core.csproj", "{990C9C57-78DA-4908-A899-753744AB4521}"
EndProject
Project("{FAE04EC0-301F-11D3-BF4B-00C04F79EFBC}") = "TestConsole", "TestConsole\TestConsole.csproj", "{F3DCF5B8-2F12-428C-8E85-12E8ACF6E55C}"
EndProject
Project("{2150E333-8FDC-42A3-9474-1A3956D46DE8}") = "Solution Items", "Solution Items", "{ABA4F029-C9E5-4A6E-BB33-E7466AB91ED5}"
	ProjectSection(SolutionItems) = preProject
		README.md = README.md
	EndProjectSection
EndProject
Global
	GlobalSection(SolutionConfigurationPlatforms) = preSolution
		Debug|Any CPU = Debug|Any CPU
		Release|Any CPU = Release|Any CPU
	EndGlobalSection
	GlobalSection(ProjectConfigurationPlatforms) = postSolution
		{990C9C57-78DA-4908-A899-753744AB4521}.Debug|Any CPU.ActiveCfg = Debug|Any CPU
		{990C9C57-78DA-4908-A899-753744AB4521}.Debug|Any CPU.Build.0 = Debug|Any CPU
		{990C9C57-78DA-4908-A899-753744AB4521}.Release|Any CPU.ActiveCfg = Release|Any CPU
		{990C9C57-78DA-4908-A899-753744AB4521}.Release|Any CPU.Build.0 = Release|Any CPU
		{F3DCF5B8-2F12-428C-8E85-12E8ACF6E55C}.Debug|Any CPU.ActiveCfg = Debug|Any CPU
		{F3DCF5B8-2F12-428C-8E85-12E8ACF6E55C}.Debug|Any CPU.Build.0 = Debug|Any CPU
		{F3DCF5B8-2F12-428C-8E85-12E8ACF6E55C}.Release|Any CPU.ActiveCfg = Release|Any CPU
		{F3DCF5B8-2F12-428C-8E85-12E8ACF6E55C}.Release|Any CPU.Build.0 = Release|Any CPU
	EndGlobalSection
	GlobalSection(SolutionProperties) = preSolution
		HideSolutionNode = FALSE
	EndGlobalSection
	GlobalSection(ExtensibilityGlobals) = postSolution
		SolutionGuid = {FB3BA2FC-18B0-4C26-8057-533BEDBF71AA}
	EndGlobalSection
EndGlobal
